
Microsoft Visual Studio Solution File, Format Version 12.00
# Visual Studio Version 17
VisualStudioVersion = 17.11.35327.3
MinimumVisualStudioVersion = 10.0.40219.1
Project("{FAE04EC0-301F-11D3-BF4B-00C04F79EFBC}") = "UI", "UI\UI.csproj", "{B84A1F17-C344-4C94-A156-693935B4D9FC}"
EndProject
Project("{FAE04EC0-301F-11D3-BF4B-00C04F79EFBC}") = "BE", "BE\BE.csproj", "{BB1089A0-984E-44C6-A441-CF4878BBD4BD}"
EndProject
Project("{FAE04EC0-301F-11D3-BF4B-00C04F79EFBC}") = "DB", "DB\DB.csproj", "{29627546-F990-45E8-A7DA-F7359BD4D3A1}"
EndProject
Project("{FAE04EC0-301F-11D3-BF4B-00C04F79EFBC}") = "BL", "BL\BL.csproj", "{EEC700CC-B83F-454C-BB1D-EA14C82AED87}"
EndProject
Global
	GlobalSection(SolutionConfigurationPlatforms) = preSolution
		Debug|Any CPU = Debug|Any CPU
		Release|Any CPU = Release|Any CPU
	EndGlobalSection
	GlobalSection(ProjectConfigurationPlatforms) = postSolution
		{B84A1F17-C344-4C94-A156-693935B4D9FC}.Debug|Any CPU.ActiveCfg = Debug|Any CPU
		{B84A1F17-C344-4C94-A156-693935B4D9FC}.Debug|Any CPU.Build.0 = Debug|Any CPU
		{B84A1F17-C344-4C94-A156-693935B4D9FC}.Release|Any CPU.ActiveCfg = Release|Any CPU
		{B84A1F17-C344-4C94-A156-693935B4D9FC}.Release|Any CPU.Build.0 = Release|Any CPU
		{BB1089A0-984E-44C6-A441-CF4878BBD4BD}.Debug|Any CPU.ActiveCfg = Debug|Any CPU
		{BB1089A0-984E-44C6-A441-CF4878BBD4BD}.Debug|Any CPU.Build.0 = Debug|Any CPU
		{BB1089A0-984E-44C6-A441-CF4878BBD4BD}.Release|Any CPU.ActiveCfg = Release|Any CPU
		{BB1089A0-984E-44C6-A441-CF4878BBD4BD}.Release|Any CPU.Build.0 = Release|Any CPU
		{29627546-F990-45E8-A7DA-F7359BD4D3A1}.Debug|Any CPU.ActiveCfg = Debug|Any CPU
		{29627546-F990-45E8-A7DA-F7359BD4D3A1}.Debug|Any CPU.Build.0 = Debug|Any CPU
		{29627546-F990-45E8-A7DA-F7359BD4D3A1}.Release|Any CPU.ActiveCfg = Release|Any CPU
		{29627546-F990-45E8-A7DA-F7359BD4D3A1}.Release|Any CPU.Build.0 = Release|Any CPU
		{EEC700CC-B83F-454C-BB1D-EA14C82AED87}.Debug|Any CPU.ActiveCfg = Debug|Any CPU
		{EEC700CC-B83F-454C-BB1D-EA14C82AED87}.Debug|Any CPU.Build.0 = Debug|Any CPU
		{EEC700CC-B83F-454C-BB1D-EA14C82AED87}.Release|Any CPU.ActiveCfg = Release|Any CPU
		{EEC700CC-B83F-454C-BB1D-EA14C82AED87}.Release|Any CPU.Build.0 = Release|Any CPU
	EndGlobalSection
	GlobalSection(SolutionProperties) = preSolution
		HideSolutionNode = FALSE
	EndGlobalSection
	GlobalSection(ExtensibilityGlobals) = postSolution
		SolutionGuid = {0FDC9B94-72BA-49C5-8E34-D1B79387D7D7}
	EndGlobalSection
EndGlobal
